
Microsoft Visual Studio Solution File, Format Version 12.00
# Visual Studio Version 17
VisualStudioVersion = 17.14.36915.13
MinimumVisualStudioVersion = 10.0.40219.1
Project("{2150E333-8FDC-42A3-9474-1A3956D46DE8}") = "Slack", "Slack", "{C8D5274F-AC00-46C7-1F8D-E88E81087A52}"
EndProject
Project("{FAE04EC0-301F-11D3-BF4B-00C04F79EFBC}") = "Stay.Awake", "Slack\Stay.Awake\Stay.Awake.csproj", "{16D52588-0A19-D088-79F7-966B7F559F20}"
EndProject
Project("{2150E333-8FDC-42A3-9474-1A3956D46DE8}") = "Photo", "Photo", "{B36A083E-BD6C-403E-BAB1-00AD9BDBD7D7}"
EndProject
Project("{FAE04EC0-301F-11D3-BF4B-00C04F79EFBC}") = "Photo.Video.Organizer", "Photo.Video\Photo.Video.Organizer\Photo.Video.Organizer.csproj", "{281035AC-0163-4490-817C-20670F4319C1}"
EndProject
Project("{2150E333-8FDC-42A3-9474-1A3956D46DE8}") = "Music", "Music", "{E2E3DDAE-2F4B-4761-A65A-AB984279FFCC}"
EndProject
Project("{FAE04EC0-301F-11D3-BF4B-00C04F79EFBC}") = "Music.Player", "Music\Music.Player\Music.Player.csproj", "{66F05789-0BC2-46FB-8D60-D8C05F894C9A}"
EndProject
Global
	GlobalSection(SolutionConfigurationPlatforms) = preSolution
		Debug|Any CPU = Debug|Any CPU
		Release|Any CPU = Release|Any CPU
	EndGlobalSection
	GlobalSection(ProjectConfigurationPlatforms) = postSolution
		{16D52588-0A19-D088-79F7-966B7F559F20}.Debug|Any CPU.ActiveCfg = Debug|Any CPU
		{16D52588-0A19-D088-79F7-966B7F559F20}.Debug|Any CPU.Build.0 = Debug|Any CPU
		{16D52588-0A19-D088-79F7-966B7F559F20}.Release|Any CPU.ActiveCfg = Release|Any CPU
		{16D52588-0A19-D088-79F7-966B7F559F20}.Release|Any CPU.Build.0 = Release|Any CPU
		{281035AC-0163-4490-817C-20670F4319C1}.Debug|Any CPU.ActiveCfg = Debug|Any CPU
		{281035AC-0163-4490-817C-20670F4319C1}.Debug|Any CPU.Build.0 = Debug|Any CPU
		{281035AC-0163-4490-817C-20670F4319C1}.Release|Any CPU.ActiveCfg = Release|Any CPU
		{281035AC-0163-4490-817C-20670F4319C1}.Release|Any CPU.Build.0 = Release|Any CPU
		{66F05789-0BC2-46FB-8D60-D8C05F894C9A}.Debug|Any CPU.ActiveCfg = Debug|Any CPU
		{66F05789-0BC2-46FB-8D60-D8C05F894C9A}.Debug|Any CPU.Build.0 = Debug|Any CPU
		{66F05789-0BC2-46FB-8D60-D8C05F894C9A}.Release|Any CPU.ActiveCfg = Release|Any CPU
		{66F05789-0BC2-46FB-8D60-D8C05F894C9A}.Release|Any CPU.Build.0 = Release|Any CPU
	EndGlobalSection
	GlobalSection(SolutionProperties) = preSolution
		HideSolutionNode = FALSE
	EndGlobalSection
	GlobalSection(NestedProjects) = preSolution
		{16D52588-0A19-D088-79F7-966B7F559F20} = {C8D5274F-AC00-46C7-1F8D-E88E81087A52}
		{281035AC-0163-4490-817C-20670F4319C1} = {B36A083E-BD6C-403E-BAB1-00AD9BDBD7D7}
		{66F05789-0BC2-46FB-8D60-D8C05F894C9A} = {E2E3DDAE-2F4B-4761-A65A-AB984279FFCC}
	EndGlobalSection
	GlobalSection(ExtensibilityGlobals) = postSolution
		SolutionGuid = {57763CAB-07F4-4003-A02D-D369797EB3F8}
	EndGlobalSection
EndGlobal
