
Microsoft Visual Studio Solution File, Format Version 12.00
# Visual Studio Version 17
VisualStudioVersion = 17.14.36915.13
MinimumVisualStudioVersion = 10.0.40219.1
Project("{2150E333-8FDC-42A3-9474-1A3956D46DE8}") = "AI", "AI", "{A1B2C3D4-E5F6-7890-ABCD-EF1234567890}"
EndProject
Project("{FAE04EC0-301F-11D3-BF4B-00C04F79EFBC}") = "AI.Clip", "AI\AI.Clip\AI.Clip.csproj", "{B2C3D4E5-F6A7-8901-BCDE-F12345678901}"
EndProject
Project("{2150E333-8FDC-42A3-9474-1A3956D46DE8}") = "Audio", "Audio", "{E2E3DDAE-2F4B-4761-A65A-AB984279FFCC}"
EndProject
Project("{FAE04EC0-301F-11D3-BF4B-00C04F79EFBC}") = "Music.Player", "Audio\Music.Player\Music.Player.csproj", "{66F05789-0BC2-46FB-8D60-D8C05F894C9A}"
EndProject
Project("{FAE04EC0-301F-11D3-BF4B-00C04F79EFBC}") = "Sound.Board", "Audio\Sound.Board\Sound.Board.csproj", "{F6A7B8C9-D0E1-2345-F012-456789012345}"
EndProject
Project("{2150E333-8FDC-42A3-9474-1A3956D46DE8}") = "Automation", "Automation", "{C8D5274F-AC00-46C7-1F8D-E88E81087A52}"
EndProject
Project("{FAE04EC0-301F-11D3-BF4B-00C04F79EFBC}") = "Stay.Awake", "Automation\Stay.Awake\Stay.Awake.csproj", "{16D52588-0A19-D088-79F7-966B7F559F20}"
EndProject
Project("{2150E333-8FDC-42A3-9474-1A3956D46DE8}") = "Files", "Files", "{C3D4E5F6-A7B8-9012-CDEF-123456789012}"
EndProject
Project("{FAE04EC0-301F-11D3-BF4B-00C04F79EFBC}") = "File.Duplicates", "Files\File.Duplicates\File.Duplicates.csproj", "{D4E5F6A7-B8C9-0123-DEF0-234567890123}"
EndProject
Project("{2150E333-8FDC-42A3-9474-1A3956D46DE8}") = "Media", "Media", "{B36A083E-BD6C-403E-BAB1-00AD9BDBD7D7}"
EndProject
Project("{FAE04EC0-301F-11D3-BF4B-00C04F79EFBC}") = "Photo.Video.Organizer", "Media\Photo.Video.Organizer\Photo.Video.Organizer.csproj", "{281035AC-0163-4490-817C-20670F4319C1}"
EndProject
Project("{2150E333-8FDC-42A3-9474-1A3956D46DE8}") = "Tools", "Tools", "{A7B8C9D0-E1F2-3456-0123-567890123456}"
EndProject
Project("{FAE04EC0-301F-11D3-BF4B-00C04F79EFBC}") = "Quick.Launcher", "Tools\Quick.Launcher\Quick.Launcher.csproj", "{B8C9D0E1-F2A3-4567-1234-678901234567}"
EndProject
Project("{FAE04EC0-301F-11D3-BF4B-00C04F79EFBC}") = "Workspace.Switcher", "Tools\Workspace.Switcher\Workspace.Switcher.csproj", "{C9D0E1F2-A3B4-5678-2345-789012345678}"
EndProject
Project("{FAE04EC0-301F-11D3-BF4B-00C04F79EFBC}") = "Screen.Recorder", "Tools\Screen.Recorder\Screen.Recorder.csproj", "{1778D020-1148-4399-8478-7B8E02043ED0}"
EndProject
Project("{FAE04EC0-301F-11D3-BF4B-00C04F79EFBC}") = "Text.Forge", "Tools\Text.Forge\Text.Forge.csproj", "{E5F6A7B8-C9D0-1234-5678-901234567890}"
EndProject
Project("{2150E333-8FDC-42A3-9474-1A3956D46DE8}") = "Games", "Games", "{04252BA6-B404-FD3B-81B5-D989EEE58EED}"
EndProject
Project("{FAE04EC0-301F-11D3-BF4B-00C04F79EFBC}") = "Hue.Flow", "Games\Hue.Flow\Hue.Flow.csproj", "{F6B4EE38-90ED-479A-96C4-FE1DCB9191A2}"
EndProject
Project("{FAE04EC0-301F-11D3-BF4B-00C04F79EFBC}") = "Ambient.Mixer", "Audio\Ambient.Mixer\Ambient.Mixer.csproj", "{0D6CE880-018B-4E0A-A44B-8AA2DC95498F}"
EndProject
Project("{FAE04EC0-301F-11D3-BF4B-00C04F79EFBC}") = "Clipboard.Stacker", "Tools\Clipboard.Stacker\Clipboard.Stacker.csproj", "{A82E1E9B-3483-4B04-9FBD-9003E2124632}"
EndProject
Project("{FAE04EC0-301F-11D3-BF4B-00C04F79EFBC}") = "Batch.Rename", "Files\Batch.Rename\Batch.Rename.csproj", "{8A030541-8B14-4834-9CC8-C6A75DF8FFBA}"
EndProject
Project("{FAE04EC0-301F-11D3-BF4B-00C04F79EFBC}") = "Window.Pilot", "Tools\Window.Pilot\Window.Pilot.csproj", "{226D4057-0689-4ADD-A0DF-29E1B622A9BA}"
EndProject
Project("{FAE04EC0-301F-11D3-BF4B-00C04F79EFBC}") = "Commute.Buddy", "Automation\Commute.Buddy\Commute.Buddy.csproj", "{32F33FE3-3109-42A8-A1AB-6CDE378E8380}"
EndProject
Project("{FAE04EC0-301F-11D3-BF4B-00C04F79EFBC}") = "Star.Strike", "Games\Star.Strike\Star.Strike.csproj", "{A857A0F9-B266-48F5-9AD3-BB2619D0A281}"
EndProject
Project("{FAE04EC0-301F-11D3-BF4B-00C04F79EFBC}") = "Fist.Fury", "Games\Fist.Fury\Fist.Fury.csproj", "{EAA80F62-D644-4FAC-B003-CE7CAC35310F}"
EndProject
Project("{FAE04EC0-301F-11D3-BF4B-00C04F79EFBC}") = "Dungeon.Dash", "Games\Dungeon.Dash\Dungeon.Dash.csproj", "{F4A91280-8B34-42F0-89CD-279B5CFA5C72}"
EndProject
Project("{FAE04EC0-301F-11D3-BF4B-00C04F79EFBC}") = "Track.Star", "Games\Track.Star\Track.Star.csproj", "{937B135D-3264-43C9-AE6C-F366E5F9AF04}"
EndProject
Project("{FAE04EC0-301F-11D3-BF4B-00C04F79EFBC}") = "Nitro.Drift", "Games\Nitro.Drift\Nitro.Drift.csproj", "{8FF6E9B1-83C4-428E-B18B-CD29D206A105}"
EndProject
Global
	GlobalSection(SolutionConfigurationPlatforms) = preSolution
		Debug|Any CPU = Debug|Any CPU
		Debug|x64 = Debug|x64
		Debug|x86 = Debug|x86
		Release|Any CPU = Release|Any CPU
		Release|x64 = Release|x64
		Release|x86 = Release|x86
	EndGlobalSection
	GlobalSection(ProjectConfigurationPlatforms) = postSolution
		{B2C3D4E5-F6A7-8901-BCDE-F12345678901}.Debug|Any CPU.ActiveCfg = Debug|Any CPU
		{B2C3D4E5-F6A7-8901-BCDE-F12345678901}.Debug|Any CPU.Build.0 = Debug|Any CPU
		{B2C3D4E5-F6A7-8901-BCDE-F12345678901}.Debug|x64.ActiveCfg = Debug|Any CPU
		{B2C3D4E5-F6A7-8901-BCDE-F12345678901}.Debug|x64.Build.0 = Debug|Any CPU
		{B2C3D4E5-F6A7-8901-BCDE-F12345678901}.Debug|x86.ActiveCfg = Debug|Any CPU
		{B2C3D4E5-F6A7-8901-BCDE-F12345678901}.Debug|x86.Build.0 = Debug|Any CPU
		{B2C3D4E5-F6A7-8901-BCDE-F12345678901}.Release|Any CPU.ActiveCfg = Release|Any CPU
		{B2C3D4E5-F6A7-8901-BCDE-F12345678901}.Release|Any CPU.Build.0 = Release|Any CPU
		{B2C3D4E5-F6A7-8901-BCDE-F12345678901}.Release|x64.ActiveCfg = Release|Any CPU
		{B2C3D4E5-F6A7-8901-BCDE-F12345678901}.Release|x64.Build.0 = Release|Any CPU
		{B2C3D4E5-F6A7-8901-BCDE-F12345678901}.Release|x86.ActiveCfg = Release|Any CPU
		{B2C3D4E5-F6A7-8901-BCDE-F12345678901}.Release|x86.Build.0 = Release|Any CPU
		{66F05789-0BC2-46FB-8D60-D8C05F894C9A}.Debug|Any CPU.ActiveCfg = Debug|Any CPU
		{66F05789-0BC2-46FB-8D60-D8C05F894C9A}.Debug|Any CPU.Build.0 = Debug|Any CPU
		{66F05789-0BC2-46FB-8D60-D8C05F894C9A}.Debug|x64.ActiveCfg = Debug|Any CPU
		{66F05789-0BC2-46FB-8D60-D8C05F894C9A}.Debug|x64.Build.0 = Debug|Any CPU
		{66F05789-0BC2-46FB-8D60-D8C05F894C9A}.Debug|x86.ActiveCfg = Debug|Any CPU
		{66F05789-0BC2-46FB-8D60-D8C05F894C9A}.Debug|x86.Build.0 = Debug|Any CPU
		{66F05789-0BC2-46FB-8D60-D8C05F894C9A}.Release|Any CPU.ActiveCfg = Release|Any CPU
		{66F05789-0BC2-46FB-8D60-D8C05F894C9A}.Release|Any CPU.Build.0 = Release|Any CPU
		{66F05789-0BC2-46FB-8D60-D8C05F894C9A}.Release|x64.ActiveCfg = Release|Any CPU
		{66F05789-0BC2-46FB-8D60-D8C05F894C9A}.Release|x64.Build.0 = Release|Any CPU
		{66F05789-0BC2-46FB-8D60-D8C05F894C9A}.Release|x86.ActiveCfg = Release|Any CPU
		{66F05789-0BC2-46FB-8D60-D8C05F894C9A}.Release|x86.Build.0 = Release|Any CPU
		{F6A7B8C9-D0E1-2345-F012-456789012345}.Debug|Any CPU.ActiveCfg = Debug|Any CPU
		{F6A7B8C9-D0E1-2345-F012-456789012345}.Debug|Any CPU.Build.0 = Debug|Any CPU
		{F6A7B8C9-D0E1-2345-F012-456789012345}.Debug|x64.ActiveCfg = Debug|Any CPU
		{F6A7B8C9-D0E1-2345-F012-456789012345}.Debug|x64.Build.0 = Debug|Any CPU
		{F6A7B8C9-D0E1-2345-F012-456789012345}.Debug|x86.ActiveCfg = Debug|Any CPU
		{F6A7B8C9-D0E1-2345-F012-456789012345}.Debug|x86.Build.0 = Debug|Any CPU
		{F6A7B8C9-D0E1-2345-F012-456789012345}.Release|Any CPU.ActiveCfg = Release|Any CPU
		{F6A7B8C9-D0E1-2345-F012-456789012345}.Release|Any CPU.Build.0 = Release|Any CPU
		{F6A7B8C9-D0E1-2345-F012-456789012345}.Release|x64.ActiveCfg = Release|Any CPU
		{F6A7B8C9-D0E1-2345-F012-456789012345}.Release|x64.Build.0 = Release|Any CPU
		{F6A7B8C9-D0E1-2345-F012-456789012345}.Release|x86.ActiveCfg = Release|Any CPU
		{F6A7B8C9-D0E1-2345-F012-456789012345}.Release|x86.Build.0 = Release|Any CPU
		{16D52588-0A19-D088-79F7-966B7F559F20}.Debug|Any CPU.ActiveCfg = Debug|Any CPU
		{16D52588-0A19-D088-79F7-966B7F559F20}.Debug|Any CPU.Build.0 = Debug|Any CPU
		{16D52588-0A19-D088-79F7-966B7F559F20}.Debug|x64.ActiveCfg = Debug|Any CPU
		{16D52588-0A19-D088-79F7-966B7F559F20}.Debug|x64.Build.0 = Debug|Any CPU
		{16D52588-0A19-D088-79F7-966B7F559F20}.Debug|x86.ActiveCfg = Debug|Any CPU
		{16D52588-0A19-D088-79F7-966B7F559F20}.Debug|x86.Build.0 = Debug|Any CPU
		{16D52588-0A19-D088-79F7-966B7F559F20}.Release|Any CPU.ActiveCfg = Release|Any CPU
		{16D52588-0A19-D088-79F7-966B7F559F20}.Release|Any CPU.Build.0 = Release|Any CPU
		{16D52588-0A19-D088-79F7-966B7F559F20}.Release|x64.ActiveCfg = Release|Any CPU
		{16D52588-0A19-D088-79F7-966B7F559F20}.Release|x64.Build.0 = Release|Any CPU
		{16D52588-0A19-D088-79F7-966B7F559F20}.Release|x86.ActiveCfg = Release|Any CPU
		{16D52588-0A19-D088-79F7-966B7F559F20}.Release|x86.Build.0 = Release|Any CPU
		{D4E5F6A7-B8C9-0123-DEF0-234567890123}.Debug|Any CPU.ActiveCfg = Debug|Any CPU
		{D4E5F6A7-B8C9-0123-DEF0-234567890123}.Debug|Any CPU.Build.0 = Debug|Any CPU
		{D4E5F6A7-B8C9-0123-DEF0-234567890123}.Debug|x64.ActiveCfg = Debug|Any CPU
		{D4E5F6A7-B8C9-0123-DEF0-234567890123}.Debug|x64.Build.0 = Debug|Any CPU
		{D4E5F6A7-B8C9-0123-DEF0-234567890123}.Debug|x86.ActiveCfg = Debug|Any CPU
		{D4E5F6A7-B8C9-0123-DEF0-234567890123}.Debug|x86.Build.0 = Debug|Any CPU
		{D4E5F6A7-B8C9-0123-DEF0-234567890123}.Release|Any CPU.ActiveCfg = Release|Any CPU
		{D4E5F6A7-B8C9-0123-DEF0-234567890123}.Release|Any CPU.Build.0 = Release|Any CPU
		{D4E5F6A7-B8C9-0123-DEF0-234567890123}.Release|x64.ActiveCfg = Release|Any CPU
		{D4E5F6A7-B8C9-0123-DEF0-234567890123}.Release|x64.Build.0 = Release|Any CPU
		{D4E5F6A7-B8C9-0123-DEF0-234567890123}.Release|x86.ActiveCfg = Release|Any CPU
		{D4E5F6A7-B8C9-0123-DEF0-234567890123}.Release|x86.Build.0 = Release|Any CPU
		{281035AC-0163-4490-817C-20670F4319C1}.Debug|Any CPU.ActiveCfg = Debug|Any CPU
		{281035AC-0163-4490-817C-20670F4319C1}.Debug|Any CPU.Build.0 = Debug|Any CPU
		{281035AC-0163-4490-817C-20670F4319C1}.Debug|x64.ActiveCfg = Debug|Any CPU
		{281035AC-0163-4490-817C-20670F4319C1}.Debug|x64.Build.0 = Debug|Any CPU
		{281035AC-0163-4490-817C-20670F4319C1}.Debug|x86.ActiveCfg = Debug|Any CPU
		{281035AC-0163-4490-817C-20670F4319C1}.Debug|x86.Build.0 = Debug|Any CPU
		{281035AC-0163-4490-817C-20670F4319C1}.Release|Any CPU.ActiveCfg = Release|Any CPU
		{281035AC-0163-4490-817C-20670F4319C1}.Release|Any CPU.Build.0 = Release|Any CPU
		{281035AC-0163-4490-817C-20670F4319C1}.Release|x64.ActiveCfg = Release|Any CPU
		{281035AC-0163-4490-817C-20670F4319C1}.Release|x64.Build.0 = Release|Any CPU
		{281035AC-0163-4490-817C-20670F4319C1}.Release|x86.ActiveCfg = Release|Any CPU
		{281035AC-0163-4490-817C-20670F4319C1}.Release|x86.Build.0 = Release|Any CPU
		{B8C9D0E1-F2A3-4567-1234-678901234567}.Debug|Any CPU.ActiveCfg = Debug|Any CPU
		{B8C9D0E1-F2A3-4567-1234-678901234567}.Debug|Any CPU.Build.0 = Debug|Any CPU
		{B8C9D0E1-F2A3-4567-1234-678901234567}.Debug|x64.ActiveCfg = Debug|Any CPU
		{B8C9D0E1-F2A3-4567-1234-678901234567}.Debug|x64.Build.0 = Debug|Any CPU
		{B8C9D0E1-F2A3-4567-1234-678901234567}.Debug|x86.ActiveCfg = Debug|Any CPU
		{B8C9D0E1-F2A3-4567-1234-678901234567}.Debug|x86.Build.0 = Debug|Any CPU
		{B8C9D0E1-F2A3-4567-1234-678901234567}.Release|Any CPU.ActiveCfg = Release|Any CPU
		{B8C9D0E1-F2A3-4567-1234-678901234567}.Release|Any CPU.Build.0 = Release|Any CPU
		{B8C9D0E1-F2A3-4567-1234-678901234567}.Release|x64.ActiveCfg = Release|Any CPU
		{B8C9D0E1-F2A3-4567-1234-678901234567}.Release|x64.Build.0 = Release|Any CPU
		{B8C9D0E1-F2A3-4567-1234-678901234567}.Release|x86.ActiveCfg = Release|Any CPU
		{B8C9D0E1-F2A3-4567-1234-678901234567}.Release|x86.Build.0 = Release|Any CPU
		{C9D0E1F2-A3B4-5678-2345-789012345678}.Debug|Any CPU.ActiveCfg = Debug|Any CPU
		{C9D0E1F2-A3B4-5678-2345-789012345678}.Debug|Any CPU.Build.0 = Debug|Any CPU
		{C9D0E1F2-A3B4-5678-2345-789012345678}.Debug|x64.ActiveCfg = Debug|Any CPU
		{C9D0E1F2-A3B4-5678-2345-789012345678}.Debug|x64.Build.0 = Debug|Any CPU
		{C9D0E1F2-A3B4-5678-2345-789012345678}.Debug|x86.ActiveCfg = Debug|Any CPU
		{C9D0E1F2-A3B4-5678-2345-789012345678}.Debug|x86.Build.0 = Debug|Any CPU
		{C9D0E1F2-A3B4-5678-2345-789012345678}.Release|Any CPU.ActiveCfg = Release|Any CPU
		{C9D0E1F2-A3B4-5678-2345-789012345678}.Release|Any CPU.Build.0 = Release|Any CPU
		{C9D0E1F2-A3B4-5678-2345-789012345678}.Release|x64.ActiveCfg = Release|Any CPU
		{C9D0E1F2-A3B4-5678-2345-789012345678}.Release|x64.Build.0 = Release|Any CPU
		{C9D0E1F2-A3B4-5678-2345-789012345678}.Release|x86.ActiveCfg = Release|Any CPU
		{C9D0E1F2-A3B4-5678-2345-789012345678}.Release|x86.Build.0 = Release|Any CPU
		{1778D020-1148-4399-8478-7B8E02043ED0}.Debug|Any CPU.ActiveCfg = Debug|Any CPU
		{1778D020-1148-4399-8478-7B8E02043ED0}.Debug|Any CPU.Build.0 = Debug|Any CPU
		{1778D020-1148-4399-8478-7B8E02043ED0}.Debug|x64.ActiveCfg = Debug|Any CPU
		{1778D020-1148-4399-8478-7B8E02043ED0}.Debug|x64.Build.0 = Debug|Any CPU
		{1778D020-1148-4399-8478-7B8E02043ED0}.Debug|x86.ActiveCfg = Debug|Any CPU
		{1778D020-1148-4399-8478-7B8E02043ED0}.Debug|x86.Build.0 = Debug|Any CPU
		{1778D020-1148-4399-8478-7B8E02043ED0}.Release|Any CPU.ActiveCfg = Release|Any CPU
		{1778D020-1148-4399-8478-7B8E02043ED0}.Release|Any CPU.Build.0 = Release|Any CPU
		{1778D020-1148-4399-8478-7B8E02043ED0}.Release|x64.ActiveCfg = Release|Any CPU
		{1778D020-1148-4399-8478-7B8E02043ED0}.Release|x64.Build.0 = Release|Any CPU
		{1778D020-1148-4399-8478-7B8E02043ED0}.Release|x86.ActiveCfg = Release|Any CPU
		{1778D020-1148-4399-8478-7B8E02043ED0}.Release|x86.Build.0 = Release|Any CPU
		{E5F6A7B8-C9D0-1234-5678-901234567890}.Debug|Any CPU.ActiveCfg = Debug|Any CPU
		{E5F6A7B8-C9D0-1234-5678-901234567890}.Debug|Any CPU.Build.0 = Debug|Any CPU
		{E5F6A7B8-C9D0-1234-5678-901234567890}.Debug|x64.ActiveCfg = Debug|Any CPU
		{E5F6A7B8-C9D0-1234-5678-901234567890}.Debug|x64.Build.0 = Debug|Any CPU
		{E5F6A7B8-C9D0-1234-5678-901234567890}.Debug|x86.ActiveCfg = Debug|Any CPU
		{E5F6A7B8-C9D0-1234-5678-901234567890}.Debug|x86.Build.0 = Debug|Any CPU
		{E5F6A7B8-C9D0-1234-5678-901234567890}.Release|Any CPU.ActiveCfg = Release|Any CPU
		{E5F6A7B8-C9D0-1234-5678-901234567890}.Release|Any CPU.Build.0 = Release|Any CPU
		{E5F6A7B8-C9D0-1234-5678-901234567890}.Release|x64.ActiveCfg = Release|Any CPU
		{E5F6A7B8-C9D0-1234-5678-901234567890}.Release|x64.Build.0 = Release|Any CPU
		{E5F6A7B8-C9D0-1234-5678-901234567890}.Release|x86.ActiveCfg = Release|Any CPU
		{E5F6A7B8-C9D0-1234-5678-901234567890}.Release|x86.Build.0 = Release|Any CPU
		{F6B4EE38-90ED-479A-96C4-FE1DCB9191A2}.Debug|Any CPU.ActiveCfg = Debug|Any CPU
		{F6B4EE38-90ED-479A-96C4-FE1DCB9191A2}.Debug|Any CPU.Build.0 = Debug|Any CPU
		{F6B4EE38-90ED-479A-96C4-FE1DCB9191A2}.Debug|x64.ActiveCfg = Debug|Any CPU
		{F6B4EE38-90ED-479A-96C4-FE1DCB9191A2}.Debug|x64.Build.0 = Debug|Any CPU
		{F6B4EE38-90ED-479A-96C4-FE1DCB9191A2}.Debug|x86.ActiveCfg = Debug|Any CPU
		{F6B4EE38-90ED-479A-96C4-FE1DCB9191A2}.Debug|x86.Build.0 = Debug|Any CPU
		{F6B4EE38-90ED-479A-96C4-FE1DCB9191A2}.Release|Any CPU.ActiveCfg = Release|Any CPU
		{F6B4EE38-90ED-479A-96C4-FE1DCB9191A2}.Release|Any CPU.Build.0 = Release|Any CPU
		{F6B4EE38-90ED-479A-96C4-FE1DCB9191A2}.Release|x64.ActiveCfg = Release|Any CPU
		{F6B4EE38-90ED-479A-96C4-FE1DCB9191A2}.Release|x64.Build.0 = Release|Any CPU
		{F6B4EE38-90ED-479A-96C4-FE1DCB9191A2}.Release|x86.ActiveCfg = Release|Any CPU
		{F6B4EE38-90ED-479A-96C4-FE1DCB9191A2}.Release|x86.Build.0 = Release|Any CPU
		{0D6CE880-018B-4E0A-A44B-8AA2DC95498F}.Debug|Any CPU.ActiveCfg = Debug|Any CPU
		{0D6CE880-018B-4E0A-A44B-8AA2DC95498F}.Debug|Any CPU.Build.0 = Debug|Any CPU
		{0D6CE880-018B-4E0A-A44B-8AA2DC95498F}.Debug|x64.ActiveCfg = Debug|Any CPU
		{0D6CE880-018B-4E0A-A44B-8AA2DC95498F}.Debug|x64.Build.0 = Debug|Any CPU
		{0D6CE880-018B-4E0A-A44B-8AA2DC95498F}.Debug|x86.ActiveCfg = Debug|Any CPU
		{0D6CE880-018B-4E0A-A44B-8AA2DC95498F}.Debug|x86.Build.0 = Debug|Any CPU
		{0D6CE880-018B-4E0A-A44B-8AA2DC95498F}.Release|Any CPU.ActiveCfg = Release|Any CPU
		{0D6CE880-018B-4E0A-A44B-8AA2DC95498F}.Release|Any CPU.Build.0 = Release|Any CPU
		{0D6CE880-018B-4E0A-A44B-8AA2DC95498F}.Release|x64.ActiveCfg = Release|Any CPU
		{0D6CE880-018B-4E0A-A44B-8AA2DC95498F}.Release|x64.Build.0 = Release|Any CPU
		{0D6CE880-018B-4E0A-A44B-8AA2DC95498F}.Release|x86.ActiveCfg = Release|Any CPU
		{0D6CE880-018B-4E0A-A44B-8AA2DC95498F}.Release|x86.Build.0 = Release|Any CPU
		{A82E1E9B-3483-4B04-9FBD-9003E2124632}.Debug|Any CPU.ActiveCfg = Debug|Any CPU
		{A82E1E9B-3483-4B04-9FBD-9003E2124632}.Debug|Any CPU.Build.0 = Debug|Any CPU
		{A82E1E9B-3483-4B04-9FBD-9003E2124632}.Debug|x64.ActiveCfg = Debug|Any CPU
		{A82E1E9B-3483-4B04-9FBD-9003E2124632}.Debug|x64.Build.0 = Debug|Any CPU
		{A82E1E9B-3483-4B04-9FBD-9003E2124632}.Debug|x86.ActiveCfg = Debug|Any CPU
		{A82E1E9B-3483-4B04-9FBD-9003E2124632}.Debug|x86.Build.0 = Debug|Any CPU
		{A82E1E9B-3483-4B04-9FBD-9003E2124632}.Release|Any CPU.ActiveCfg = Release|Any CPU
		{A82E1E9B-3483-4B04-9FBD-9003E2124632}.Release|Any CPU.Build.0 = Release|Any CPU
		{A82E1E9B-3483-4B04-9FBD-9003E2124632}.Release|x64.ActiveCfg = Release|Any CPU
		{A82E1E9B-3483-4B04-9FBD-9003E2124632}.Release|x64.Build.0 = Release|Any CPU
		{A82E1E9B-3483-4B04-9FBD-9003E2124632}.Release|x86.ActiveCfg = Release|Any CPU
		{A82E1E9B-3483-4B04-9FBD-9003E2124632}.Release|x86.Build.0 = Release|Any CPU
		{8A030541-8B14-4834-9CC8-C6A75DF8FFBA}.Debug|Any CPU.ActiveCfg = Debug|Any CPU
		{8A030541-8B14-4834-9CC8-C6A75DF8FFBA}.Debug|Any CPU.Build.0 = Debug|Any CPU
		{8A030541-8B14-4834-9CC8-C6A75DF8FFBA}.Debug|x64.ActiveCfg = Debug|Any CPU
		{8A030541-8B14-4834-9CC8-C6A75DF8FFBA}.Debug|x64.Build.0 = Debug|Any CPU
		{8A030541-8B14-4834-9CC8-C6A75DF8FFBA}.Debug|x86.ActiveCfg = Debug|Any CPU
		{8A030541-8B14-4834-9CC8-C6A75DF8FFBA}.Debug|x86.Build.0 = Debug|Any CPU
		{8A030541-8B14-4834-9CC8-C6A75DF8FFBA}.Release|Any CPU.ActiveCfg = Release|Any CPU
		{8A030541-8B14-4834-9CC8-C6A75DF8FFBA}.Release|Any CPU.Build.0 = Release|Any CPU
		{8A030541-8B14-4834-9CC8-C6A75DF8FFBA}.Release|x64.ActiveCfg = Release|Any CPU
		{8A030541-8B14-4834-9CC8-C6A75DF8FFBA}.Release|x64.Build.0 = Release|Any CPU
		{8A030541-8B14-4834-9CC8-C6A75DF8FFBA}.Release|x86.ActiveCfg = Release|Any CPU
		{8A030541-8B14-4834-9CC8-C6A75DF8FFBA}.Release|x86.Build.0 = Release|Any CPU
		{226D4057-0689-4ADD-A0DF-29E1B622A9BA}.Debug|Any CPU.ActiveCfg = Debug|Any CPU
		{226D4057-0689-4ADD-A0DF-29E1B622A9BA}.Debug|Any CPU.Build.0 = Debug|Any CPU
		{226D4057-0689-4ADD-A0DF-29E1B622A9BA}.Debug|x64.ActiveCfg = Debug|Any CPU
		{226D4057-0689-4ADD-A0DF-29E1B622A9BA}.Debug|x64.Build.0 = Debug|Any CPU
		{226D4057-0689-4ADD-A0DF-29E1B622A9BA}.Debug|x86.ActiveCfg = Debug|Any CPU
		{226D4057-0689-4ADD-A0DF-29E1B622A9BA}.Debug|x86.Build.0 = Debug|Any CPU
		{226D4057-0689-4ADD-A0DF-29E1B622A9BA}.Release|Any CPU.ActiveCfg = Release|Any CPU
		{226D4057-0689-4ADD-A0DF-29E1B622A9BA}.Release|Any CPU.Build.0 = Release|Any CPU
		{226D4057-0689-4ADD-A0DF-29E1B622A9BA}.Release|x64.ActiveCfg = Release|Any CPU
		{226D4057-0689-4ADD-A0DF-29E1B622A9BA}.Release|x64.Build.0 = Release|Any CPU
		{226D4057-0689-4ADD-A0DF-29E1B622A9BA}.Release|x86.ActiveCfg = Release|Any CPU
		{226D4057-0689-4ADD-A0DF-29E1B622A9BA}.Release|x86.Build.0 = Release|Any CPU
		{32F33FE3-3109-42A8-A1AB-6CDE378E8380}.Debug|Any CPU.ActiveCfg = Debug|Any CPU
		{32F33FE3-3109-42A8-A1AB-6CDE378E8380}.Debug|Any CPU.Build.0 = Debug|Any CPU
		{32F33FE3-3109-42A8-A1AB-6CDE378E8380}.Debug|x64.ActiveCfg = Debug|Any CPU
		{32F33FE3-3109-42A8-A1AB-6CDE378E8380}.Debug|x64.Build.0 = Debug|Any CPU
		{32F33FE3-3109-42A8-A1AB-6CDE378E8380}.Debug|x86.ActiveCfg = Debug|Any CPU
		{32F33FE3-3109-42A8-A1AB-6CDE378E8380}.Debug|x86.Build.0 = Debug|Any CPU
		{32F33FE3-3109-42A8-A1AB-6CDE378E8380}.Release|Any CPU.ActiveCfg = Release|Any CPU
		{32F33FE3-3109-42A8-A1AB-6CDE378E8380}.Release|Any CPU.Build.0 = Release|Any CPU
		{32F33FE3-3109-42A8-A1AB-6CDE378E8380}.Release|x64.ActiveCfg = Release|Any CPU
		{32F33FE3-3109-42A8-A1AB-6CDE378E8380}.Release|x64.Build.0 = Release|Any CPU
		{32F33FE3-3109-42A8-A1AB-6CDE378E8380}.Release|x86.ActiveCfg = Release|Any CPU
		{32F33FE3-3109-42A8-A1AB-6CDE378E8380}.Release|x86.Build.0 = Release|Any CPU
		{A857A0F9-B266-48F5-9AD3-BB2619D0A281}.Debug|Any CPU.ActiveCfg = Debug|Any CPU
		{A857A0F9-B266-48F5-9AD3-BB2619D0A281}.Debug|Any CPU.Build.0 = Debug|Any CPU
		{A857A0F9-B266-48F5-9AD3-BB2619D0A281}.Debug|x64.ActiveCfg = Debug|Any CPU
		{A857A0F9-B266-48F5-9AD3-BB2619D0A281}.Debug|x64.Build.0 = Debug|Any CPU
		{A857A0F9-B266-48F5-9AD3-BB2619D0A281}.Debug|x86.ActiveCfg = Debug|Any CPU
		{A857A0F9-B266-48F5-9AD3-BB2619D0A281}.Debug|x86.Build.0 = Debug|Any CPU
		{A857A0F9-B266-48F5-9AD3-BB2619D0A281}.Release|Any CPU.ActiveCfg = Release|Any CPU
		{A857A0F9-B266-48F5-9AD3-BB2619D0A281}.Release|Any CPU.Build.0 = Release|Any CPU
		{A857A0F9-B266-48F5-9AD3-BB2619D0A281}.Release|x64.ActiveCfg = Release|Any CPU
		{A857A0F9-B266-48F5-9AD3-BB2619D0A281}.Release|x64.Build.0 = Release|Any CPU
		{A857A0F9-B266-48F5-9AD3-BB2619D0A281}.Release|x86.ActiveCfg = Release|Any CPU
		{A857A0F9-B266-48F5-9AD3-BB2619D0A281}.Release|x86.Build.0 = Release|Any CPU
		{EAA80F62-D644-4FAC-B003-CE7CAC35310F}.Debug|Any CPU.ActiveCfg = Debug|Any CPU
		{EAA80F62-D644-4FAC-B003-CE7CAC35310F}.Debug|Any CPU.Build.0 = Debug|Any CPU
		{EAA80F62-D644-4FAC-B003-CE7CAC35310F}.Debug|x64.ActiveCfg = Debug|Any CPU
		{EAA80F62-D644-4FAC-B003-CE7CAC35310F}.Debug|x64.Build.0 = Debug|Any CPU
		{EAA80F62-D644-4FAC-B003-CE7CAC35310F}.Debug|x86.ActiveCfg = Debug|Any CPU
		{EAA80F62-D644-4FAC-B003-CE7CAC35310F}.Debug|x86.Build.0 = Debug|Any CPU
		{EAA80F62-D644-4FAC-B003-CE7CAC35310F}.Release|Any CPU.ActiveCfg = Release|Any CPU
		{EAA80F62-D644-4FAC-B003-CE7CAC35310F}.Release|Any CPU.Build.0 = Release|Any CPU
		{EAA80F62-D644-4FAC-B003-CE7CAC35310F}.Release|x64.ActiveCfg = Release|Any CPU
		{EAA80F62-D644-4FAC-B003-CE7CAC35310F}.Release|x64.Build.0 = Release|Any CPU
		{EAA80F62-D644-4FAC-B003-CE7CAC35310F}.Release|x86.ActiveCfg = Release|Any CPU
		{EAA80F62-D644-4FAC-B003-CE7CAC35310F}.Release|x86.Build.0 = Release|Any CPU
		{F4A91280-8B34-42F0-89CD-279B5CFA5C72}.Debug|Any CPU.ActiveCfg = Debug|Any CPU
		{F4A91280-8B34-42F0-89CD-279B5CFA5C72}.Debug|Any CPU.Build.0 = Debug|Any CPU
		{F4A91280-8B34-42F0-89CD-279B5CFA5C72}.Debug|x64.ActiveCfg = Debug|Any CPU
		{F4A91280-8B34-42F0-89CD-279B5CFA5C72}.Debug|x64.Build.0 = Debug|Any CPU
		{F4A91280-8B34-42F0-89CD-279B5CFA5C72}.Debug|x86.ActiveCfg = Debug|Any CPU
		{F4A91280-8B34-42F0-89CD-279B5CFA5C72}.Debug|x86.Build.0 = Debug|Any CPU
		{F4A91280-8B34-42F0-89CD-279B5CFA5C72}.Release|Any CPU.ActiveCfg = Release|Any CPU
		{F4A91280-8B34-42F0-89CD-279B5CFA5C72}.Release|Any CPU.Build.0 = Release|Any CPU
		{F4A91280-8B34-42F0-89CD-279B5CFA5C72}.Release|x64.ActiveCfg = Release|Any CPU
		{F4A91280-8B34-42F0-89CD-279B5CFA5C72}.Release|x64.Build.0 = Release|Any CPU
		{F4A91280-8B34-42F0-89CD-279B5CFA5C72}.Release|x86.ActiveCfg = Release|Any CPU
		{F4A91280-8B34-42F0-89CD-279B5CFA5C72}.Release|x86.Build.0 = Release|Any CPU
		{937B135D-3264-43C9-AE6C-F366E5F9AF04}.Debug|Any CPU.ActiveCfg = Debug|Any CPU
		{937B135D-3264-43C9-AE6C-F366E5F9AF04}.Debug|Any CPU.Build.0 = Debug|Any CPU
		{937B135D-3264-43C9-AE6C-F366E5F9AF04}.Debug|x64.ActiveCfg = Debug|Any CPU
		{937B135D-3264-43C9-AE6C-F366E5F9AF04}.Debug|x64.Build.0 = Debug|Any CPU
		{937B135D-3264-43C9-AE6C-F366E5F9AF04}.Debug|x86.ActiveCfg = Debug|Any CPU
		{937B135D-3264-43C9-AE6C-F366E5F9AF04}.Debug|x86.Build.0 = Debug|Any CPU
		{937B135D-3264-43C9-AE6C-F366E5F9AF04}.Release|Any CPU.ActiveCfg = Release|Any CPU
		{937B135D-3264-43C9-AE6C-F366E5F9AF04}.Release|Any CPU.Build.0 = Release|Any CPU
		{937B135D-3264-43C9-AE6C-F366E5F9AF04}.Release|x64.ActiveCfg = Release|Any CPU
		{937B135D-3264-43C9-AE6C-F366E5F9AF04}.Release|x64.Build.0 = Release|Any CPU
		{937B135D-3264-43C9-AE6C-F366E5F9AF04}.Release|x86.ActiveCfg = Release|Any CPU
		{937B135D-3264-43C9-AE6C-F366E5F9AF04}.Release|x86.Build.0 = Release|Any CPU
		{8FF6E9B1-83C4-428E-B18B-CD29D206A105}.Debug|Any CPU.ActiveCfg = Debug|Any CPU
		{8FF6E9B1-83C4-428E-B18B-CD29D206A105}.Debug|Any CPU.Build.0 = Debug|Any CPU
		{8FF6E9B1-83C4-428E-B18B-CD29D206A105}.Debug|x64.ActiveCfg = Debug|Any CPU
		{8FF6E9B1-83C4-428E-B18B-CD29D206A105}.Debug|x64.Build.0 = Debug|Any CPU
		{8FF6E9B1-83C4-428E-B18B-CD29D206A105}.Debug|x86.ActiveCfg = Debug|Any CPU
		{8FF6E9B1-83C4-428E-B18B-CD29D206A105}.Debug|x86.Build.0 = Debug|Any CPU
		{8FF6E9B1-83C4-428E-B18B-CD29D206A105}.Release|Any CPU.ActiveCfg = Release|Any CPU
		{8FF6E9B1-83C4-428E-B18B-CD29D206A105}.Release|Any CPU.Build.0 = Release|Any CPU
		{8FF6E9B1-83C4-428E-B18B-CD29D206A105}.Release|x64.ActiveCfg = Release|Any CPU
		{8FF6E9B1-83C4-428E-B18B-CD29D206A105}.Release|x64.Build.0 = Release|Any CPU
		{8FF6E9B1-83C4-428E-B18B-CD29D206A105}.Release|x86.ActiveCfg = Release|Any CPU
		{8FF6E9B1-83C4-428E-B18B-CD29D206A105}.Release|x86.Build.0 = Release|Any CPU
	EndGlobalSection
	GlobalSection(SolutionProperties) = preSolution
		HideSolutionNode = FALSE
	EndGlobalSection
	GlobalSection(NestedProjects) = preSolution
		{B2C3D4E5-F6A7-8901-BCDE-F12345678901} = {A1B2C3D4-E5F6-7890-ABCD-EF1234567890}
		{66F05789-0BC2-46FB-8D60-D8C05F894C9A} = {E2E3DDAE-2F4B-4761-A65A-AB984279FFCC}
		{F6A7B8C9-D0E1-2345-F012-456789012345} = {E2E3DDAE-2F4B-4761-A65A-AB984279FFCC}
		{16D52588-0A19-D088-79F7-966B7F559F20} = {C8D5274F-AC00-46C7-1F8D-E88E81087A52}
		{D4E5F6A7-B8C9-0123-DEF0-234567890123} = {C3D4E5F6-A7B8-9012-CDEF-123456789012}
		{281035AC-0163-4490-817C-20670F4319C1} = {B36A083E-BD6C-403E-BAB1-00AD9BDBD7D7}
		{B8C9D0E1-F2A3-4567-1234-678901234567} = {A7B8C9D0-E1F2-3456-0123-567890123456}
		{C9D0E1F2-A3B4-5678-2345-789012345678} = {A7B8C9D0-E1F2-3456-0123-567890123456}
		{1778D020-1148-4399-8478-7B8E02043ED0} = {A7B8C9D0-E1F2-3456-0123-567890123456}
		{E5F6A7B8-C9D0-1234-5678-901234567890} = {A7B8C9D0-E1F2-3456-0123-567890123456}
		{F6B4EE38-90ED-479A-96C4-FE1DCB9191A2} = {04252BA6-B404-FD3B-81B5-D989EEE58EED}
		{0D6CE880-018B-4E0A-A44B-8AA2DC95498F} = {E2E3DDAE-2F4B-4761-A65A-AB984279FFCC}
		{A82E1E9B-3483-4B04-9FBD-9003E2124632} = {A7B8C9D0-E1F2-3456-0123-567890123456}
		{8A030541-8B14-4834-9CC8-C6A75DF8FFBA} = {C3D4E5F6-A7B8-9012-CDEF-123456789012}
		{226D4057-0689-4ADD-A0DF-29E1B622A9BA} = {A7B8C9D0-E1F2-3456-0123-567890123456}
		{32F33FE3-3109-42A8-A1AB-6CDE378E8380} = {C8D5274F-AC00-46C7-1F8D-E88E81087A52}
		{A857A0F9-B266-48F5-9AD3-BB2619D0A281} = {04252BA6-B404-FD3B-81B5-D989EEE58EED}
		{EAA80F62-D644-4FAC-B003-CE7CAC35310F} = {04252BA6-B404-FD3B-81B5-D989EEE58EED}
		{F4A91280-8B34-42F0-89CD-279B5CFA5C72} = {04252BA6-B404-FD3B-81B5-D989EEE58EED}
		{937B135D-3264-43C9-AE6C-F366E5F9AF04} = {04252BA6-B404-FD3B-81B5-D989EEE58EED}
		{8FF6E9B1-83C4-428E-B18B-CD29D206A105} = {04252BA6-B404-FD3B-81B5-D989EEE58EED}
	EndGlobalSection
	GlobalSection(ExtensibilityGlobals) = postSolution
		SolutionGuid = {57763CAB-07F4-4003-A02D-D369797EB3F8}
	EndGlobalSection
EndGlobal
